// !$*UTF8*$!
{
	archiveVersion = 1;
	classes = {
	};
	objectVersion = 50;
	objects = {

/* Begin PBXBuildFile section */
		BC15DFD12624BB8A00A5CF36 /* AppDelegate.swift in Sources */ = {isa = PBXBuildFile; fileRef = BC15DFD02624BB8A00A5CF36 /* AppDelegate.swift */; };
		BC15DFD32624BB8A00A5CF36 /* SceneDelegate.swift in Sources */ = {isa = PBXBuildFile; fileRef = BC15DFD22624BB8A00A5CF36 /* SceneDelegate.swift */; };
		BC15DFD52624BB8A00A5CF36 /* LogInViewController.swift in Sources */ = {isa = PBXBuildFile; fileRef = BC15DFD42624BB8A00A5CF36 /* LogInViewController.swift */; };
		BC15DFD82624BB8A00A5CF36 /* Main.storyboard in Resources */ = {isa = PBXBuildFile; fileRef = BC15DFD62624BB8A00A5CF36 /* Main.storyboard */; };
		BC15DFDA2624BB8D00A5CF36 /* Assets.xcassets in Resources */ = {isa = PBXBuildFile; fileRef = BC15DFD92624BB8D00A5CF36 /* Assets.xcassets */; };
		BC15DFDD2624BB8D00A5CF36 /* LaunchScreen.storyboard in Resources */ = {isa = PBXBuildFile; fileRef = BC15DFDB2624BB8D00A5CF36 /* LaunchScreen.storyboard */; };
		BC15DFEE2624C9FA00A5CF36 /* LogedInViewController.swift in Sources */ = {isa = PBXBuildFile; fileRef = BC15DFED2624C9FA00A5CF36 /* LogedInViewController.swift */; };
		BC15DFF22624CCBF00A5CF36 /* User.swift in Sources */ = {isa = PBXBuildFile; fileRef = BC15DFF12624CCBF00A5CF36 /* User.swift */; };
/* End PBXBuildFile section */

/* Begin PBXFileReference section */
		BC15DFCD2624BB8A00A5CF36 /* Log In.app */ = {isa = PBXFileReference; explicitFileType = wrapper.application; includeInIndex = 0; path = "Log In.app"; sourceTree = BUILT_PRODUCTS_DIR; };
		BC15DFD02624BB8A00A5CF36 /* AppDelegate.swift */ = {isa = PBXFileReference; lastKnownFileType = sourcecode.swift; path = AppDelegate.swift; sourceTree = "<group>"; };
		BC15DFD22624BB8A00A5CF36 /* SceneDelegate.swift */ = {isa = PBXFileReference; lastKnownFileType = sourcecode.swift; path = SceneDelegate.swift; sourceTree = "<group>"; };
		BC15DFD42624BB8A00A5CF36 /* LogInViewController.swift */ = {isa = PBXFileReference; lastKnownFileType = sourcecode.swift; path = LogInViewController.swift; sourceTree = "<group>"; };
		BC15DFD72624BB8A00A5CF36 /* Base */ = {isa = PBXFileReference; lastKnownFileType = file.storyboard; name = Base; path = Base.lproj/Main.storyboard; sourceTree = "<group>"; };
		BC15DFD92624BB8D00A5CF36 /* Assets.xcassets */ = {isa = PBXFileReference; lastKnownFileType = folder.assetcatalog; path = Assets.xcassets; sourceTree = "<group>"; };
		BC15DFDC2624BB8D00A5CF36 /* Base */ = {isa = PBXFileReference; lastKnownFileType = file.storyboard; name = Base; path = Base.lproj/LaunchScreen.storyboard; sourceTree = "<group>"; };
		BC15DFDE2624BB8D00A5CF36 /* Info.plist */ = {isa = PBXFileReference; lastKnownFileType = text.plist.xml; path = Info.plist; sourceTree = "<group>"; };
		BC15DFED2624C9FA00A5CF36 /* LogedInViewController.swift */ = {isa = PBXFileReference; lastKnownFileType = sourcecode.swift; path = LogedInViewController.swift; sourceTree = "<group>"; };
		BC15DFF12624CCBF00A5CF36 /* User.swift */ = {isa = PBXFileReference; lastKnownFileType = sourcecode.swift; path = User.swift; sourceTree = "<group>"; };
/* End PBXFileReference section */

/* Begin PBXFrameworksBuildPhase section */
		BC15DFCA2624BB8A00A5CF36 /* Frameworks */ = {
			isa = PBXFrameworksBuildPhase;
			buildActionMask = 2147483647;
			files = (
			);
			runOnlyForDeploymentPostprocessing = 0;
		};
/* End PBXFrameworksBuildPhase section */

/* Begin PBXGroup section */
		BC15DFC42624BB8A00A5CF36 = {
			isa = PBXGroup;
			children = (
				BC15DFCF2624BB8A00A5CF36 /* Log In */,
				BC15DFCE2624BB8A00A5CF36 /* Products */,
			);
			sourceTree = "<group>";
		};
		BC15DFCE2624BB8A00A5CF36 /* Products */ = {
			isa = PBXGroup;
			children = (
				BC15DFCD2624BB8A00A5CF36 /* Log In.app */,
			);
			name = Products;
			sourceTree = "<group>";
		};
		BC15DFCF2624BB8A00A5CF36 /* Log In */ = {
			isa = PBXGroup;
			children = (
				BC15DFF02624CCA600A5CF36 /* Model */,
				BC15DFE82624BC5200A5CF36 /* View */,
				BC15DFE72624BC2D00A5CF36 /* Supportive files */,
				BC15DFE62624BC1D00A5CF36 /* Resources */,
				BC15DFE52624BC0F00A5CF36 /* Controller */,
			);
			path = "Log In";
			sourceTree = "<group>";
		};
		BC15DFE52624BC0F00A5CF36 /* Controller */ = {
			isa = PBXGroup;
			children = (
				BC15DFD42624BB8A00A5CF36 /* LogInViewController.swift */,
				BC15DFED2624C9FA00A5CF36 /* LogedInViewController.swift */,
			);
			path = Controller;
			sourceTree = "<group>";
		};
		BC15DFE62624BC1D00A5CF36 /* Resources */ = {
			isa = PBXGroup;
			children = (
				BC15DFD92624BB8D00A5CF36 /* Assets.xcassets */,
			);
			path = Resources;
			sourceTree = "<group>";
		};
		BC15DFE72624BC2D00A5CF36 /* Supportive files */ = {
			isa = PBXGroup;
			children = (
				BC15DFD02624BB8A00A5CF36 /* AppDelegate.swift */,
				BC15DFDE2624BB8D00A5CF36 /* Info.plist */,
			);
			path = "Supportive files";
			sourceTree = "<group>";
		};
		BC15DFE82624BC5200A5CF36 /* View */ = {
			isa = PBXGroup;
			children = (
				BC15DFD22624BB8A00A5CF36 /* SceneDelegate.swift */,
				BC15DFD62624BB8A00A5CF36 /* Main.storyboard */,
				BC15DFDB2624BB8D00A5CF36 /* LaunchScreen.storyboard */,
			);
			path = View;
			sourceTree = "<group>";
		};
		BC15DFF02624CCA600A5CF36 /* Model */ = {
			isa = PBXGroup;
			children = (
				BC15DFF12624CCBF00A5CF36 /* User.swift */,
			);
			path = Model;
			sourceTree = "<group>";
		};
/* End PBXGroup section */

/* Begin PBXNativeTarget section */
		BC15DFCC2624BB8A00A5CF36 /* Log In */ = {
			isa = PBXNativeTarget;
			buildConfigurationList = BC15DFE12624BB8D00A5CF36 /* Build configuration list for PBXNativeTarget "Log In" */;
			buildPhases = (
				BC15DFC92624BB8A00A5CF36 /* Sources */,
				BC15DFCA2624BB8A00A5CF36 /* Frameworks */,
				BC15DFCB2624BB8A00A5CF36 /* Resources */,
			);
			buildRules = (
			);
			dependencies = (
			);
			name = "Log In";
			productName = "Log In";
			productReference = BC15DFCD2624BB8A00A5CF36 /* Log In.app */;
			productType = "com.apple.product-type.application";
		};
/* End PBXNativeTarget section */

/* Begin PBXProject section */
		BC15DFC52624BB8A00A5CF36 /* Project object */ = {
			isa = PBXProject;
			attributes = {
				LastSwiftUpdateCheck = 1240;
				LastUpgradeCheck = 1240;
				TargetAttributes = {
					BC15DFCC2624BB8A00A5CF36 = {
						CreatedOnToolsVersion = 12.4;
					};
				};
			};
			buildConfigurationList = BC15DFC82624BB8A00A5CF36 /* Build configuration list for PBXProject "Log In" */;
			compatibilityVersion = "Xcode 9.3";
			developmentRegion = en;
			hasScannedForEncodings = 0;
			knownRegions = (
				en,
				Base,
			);
			mainGroup = BC15DFC42624BB8A00A5CF36;
			productRefGroup = BC15DFCE2624BB8A00A5CF36 /* Products */;
			projectDirPath = "";
			projectRoot = "";
			targets = (
				BC15DFCC2624BB8A00A5CF36 /* Log In */,
			);
		};
/* End PBXProject section */

/* Begin PBXResourcesBuildPhase section */
		BC15DFCB2624BB8A00A5CF36 /* Resources */ = {
			isa = PBXResourcesBuildPhase;
			buildActionMask = 2147483647;
			files = (
				BC15DFDD2624BB8D00A5CF36 /* LaunchScreen.storyboard in Resources */,
				BC15DFDA2624BB8D00A5CF36 /* Assets.xcassets in Resources */,
				BC15DFD82624BB8A00A5CF36 /* Main.storyboard in Resources */,
			);
			runOnlyForDeploymentPostprocessing = 0;
		};
/* End PBXResourcesBuildPhase section */

/* Begin PBXSourcesBuildPhase section */
		BC15DFC92624BB8A00A5CF36 /* Sources */ = {
			isa = PBXSourcesBuildPhase;
			buildActionMask = 2147483647;
			files = (
				BC15DFD52624BB8A00A5CF36 /* LogInViewController.swift in Sources */,
				BC15DFD12624BB8A00A5CF36 /* AppDelegate.swift in Sources */,
				BC15DFD32624BB8A00A5CF36 /* SceneDelegate.swift in Sources */,
				BC15DFF22624CCBF00A5CF36 /* User.swift in Sources */,
				BC15DFEE2624C9FA00A5CF36 /* LogedInViewController.swift in Sources */,
			);
			runOnlyForDeploymentPostprocessing = 0;
		};
/* End PBXSourcesBuildPhase section */

/* Begin PBXVariantGroup section */
		BC15DFD62624BB8A00A5CF36 /* Main.storyboard */ = {
			isa = PBXVariantGroup;
			children = (
				BC15DFD72624BB8A00A5CF36 /* Base */,
			);
			name = Main.storyboard;
			sourceTree = "<group>";
		};
		BC15DFDB2624BB8D00A5CF36 /* LaunchScreen.storyboard */ = {
			isa = PBXVariantGroup;
			children = (
				BC15DFDC2624BB8D00A5CF36 /* Base */,
			);
			name = LaunchScreen.storyboard;
			sourceTree = "<group>";
		};
/* End PBXVariantGroup section */

/* Begin XCBuildConfiguration section */
		BC15DFDF2624BB8D00A5CF36 /* Debug */ = {
			isa = XCBuildConfiguration;
			buildSettings = {
				ALWAYS_SEARCH_USER_PATHS = NO;
				CLANG_ANALYZER_NONNULL = YES;
				CLANG_ANALYZER_NUMBER_OBJECT_CONVERSION = YES_AGGRESSIVE;
				CLANG_CXX_LANGUAGE_STANDARD = "gnu++14";
				CLANG_CXX_LIBRARY = "libc++";
				CLANG_ENABLE_MODULES = YES;
				CLANG_ENABLE_OBJC_ARC = YES;
				CLANG_ENABLE_OBJC_WEAK = YES;
				CLANG_WARN_BLOCK_CAPTURE_AUTORELEASING = YES;
				CLANG_WARN_BOOL_CONVERSION = YES;
				CLANG_WARN_COMMA = YES;
				CLANG_WARN_CONSTANT_CONVERSION = YES;
				CLANG_WARN_DEPRECATED_OBJC_IMPLEMENTATIONS = YES;
				CLANG_WARN_DIRECT_OBJC_ISA_USAGE = YES_ERROR;
				CLANG_WARN_DOCUMENTATION_COMMENTS = YES;
				CLANG_WARN_EMPTY_BODY = YES;
				CLANG_WARN_ENUM_CONVERSION = YES;
				CLANG_WARN_INFINITE_RECURSION = YES;
				CLANG_WARN_INT_CONVERSION = YES;
				CLANG_WARN_NON_LITERAL_NULL_CONVERSION = YES;
				CLANG_WARN_OBJC_IMPLICIT_RETAIN_SELF = YES;
				CLANG_WARN_OBJC_LITERAL_CONVERSION = YES;
				CLANG_WARN_OBJC_ROOT_CLASS = YES_ERROR;
				CLANG_WARN_QUOTED_INCLUDE_IN_FRAMEWORK_HEADER = YES;
				CLANG_WARN_RANGE_LOOP_ANALYSIS = YES;
				CLANG_WARN_STRICT_PROTOTYPES = YES;
				CLANG_WARN_SUSPICIOUS_MOVE = YES;
				CLANG_WARN_UNGUARDED_AVAILABILITY = YES_AGGRESSIVE;
				CLANG_WARN_UNREACHABLE_CODE = YES;
				CLANG_WARN__DUPLICATE_METHOD_MATCH = YES;
				COPY_PHASE_STRIP = NO;
				DEBUG_INFORMATION_FORMAT = dwarf;
				ENABLE_STRICT_OBJC_MSGSEND = YES;
				ENABLE_TESTABILITY = YES;
				GCC_C_LANGUAGE_STANDARD = gnu11;
				GCC_DYNAMIC_NO_PIC = NO;
				GCC_NO_COMMON_BLOCKS = YES;
				GCC_OPTIMIZATION_LEVEL = 0;
				GCC_PREPROCESSOR_DEFINITIONS = (
					"DEBUG=1",
					"$(inherited)",
				);
				GCC_WARN_64_TO_32_BIT_CONVERSION = YES;
				GCC_WARN_ABOUT_RETURN_TYPE = YES_ERROR;
				GCC_WARN_UNDECLARED_SELECTOR = YES;
				GCC_WARN_UNINITIALIZED_AUTOS = YES_AGGRESSIVE;
				GCC_WARN_UNUSED_FUNCTION = YES;
				GCC_WARN_UNUSED_VARIABLE = YES;
				IPHONEOS_DEPLOYMENT_TARGET = 14.4;
				MTL_ENABLE_DEBUG_INFO = INCLUDE_SOURCE;
				MTL_FAST_MATH = YES;
				ONLY_ACTIVE_ARCH = YES;
				SDKROOT = iphoneos;
				SWIFT_ACTIVE_COMPILATION_CONDITIONS = DEBUG;
				SWIFT_OPTIMIZATION_LEVEL = "-Onone";
			};
			name = Debug;
		};
		BC15DFE02624BB8D00A5CF36 /* Release */ = {
			isa = XCBuildConfiguration;
			buildSettings = {
				ALWAYS_SEARCH_USER_PATHS = NO;
				CLANG_ANALYZER_NONNULL = YES;
				CLANG_ANALYZER_NUMBER_OBJECT_CONVERSION = YES_AGGRESSIVE;
				CLANG_CXX_LANGUAGE_STANDARD = "gnu++14";
				CLANG_CXX_LIBRARY = "libc++";
				CLANG_ENABLE_MODULES = YES;
				CLANG_ENABLE_OBJC_ARC = YES;
				CLANG_ENABLE_OBJC_WEAK = YES;
				CLANG_WARN_BLOCK_CAPTURE_AUTORELEASING = YES;
				CLANG_WARN_BOOL_CONVERSION = YES;
				CLANG_WARN_COMMA = YES;
				CLANG_WARN_CONSTANT_CONVERSION = YES;
				CLANG_WARN_DEPRECATED_OBJC_IMPLEMENTATIONS = YES;
				CLANG_WARN_DIRECT_OBJC_ISA_USAGE = YES_ERROR;
				CLANG_WARN_DOCUMENTATION_COMMENTS = YES;
				CLANG_WARN_EMPTY_BODY = YES;
				CLANG_WARN_ENUM_CONVERSION = YES;
				CLANG_WARN_INFINITE_RECURSION = YES;
				CLANG_WARN_INT_CONVERSION = YES;
				CLANG_WARN_NON_LITERAL_NULL_CONVERSION = YES;
				CLANG_WARN_OBJC_IMPLICIT_RETAIN_SELF = YES;
				CLANG_WARN_OBJC_LITERAL_CONVERSION = YES;
				CLANG_WARN_OBJC_ROOT_CLASS = YES_ERROR;
				CLANG_WARN_QUOTED_INCLUDE_IN_FRAMEWORK_HEADER = YES;
				CLANG_WARN_RANGE_LOOP_ANALYSIS = YES;
				CLANG_WARN_STRICT_PROTOTYPES = YES;
				CLANG_WARN_SUSPICIOUS_MOVE = YES;
				CLANG_WARN_UNGUARDED_AVAILABILITY = YES_AGGRESSIVE;
				CLANG_WARN_UNREACHABLE_CODE = YES;
				CLANG_WARN__DUPLICATE_METHOD_MATCH = YES;
				COPY_PHASE_STRIP = NO;
				DEBUG_INFORMATION_FORMAT = "dwarf-with-dsym";
				ENABLE_NS_ASSERTIONS = NO;
				ENABLE_STRICT_OBJC_MSGSEND = YES;
				GCC_C_LANGUAGE_STANDARD = gnu11;
				GCC_NO_COMMON_BLOCKS = YES;
				GCC_WARN_64_TO_32_BIT_CONVERSION = YES;
				GCC_WARN_ABOUT_RETURN_TYPE = YES_ERROR;
				GCC_WARN_UNDECLARED_SELECTOR = YES;
				GCC_WARN_UNINITIALIZED_AUTOS = YES_AGGRESSIVE;
				GCC_WARN_UNUSED_FUNCTION = YES;
				GCC_WARN_UNUSED_VARIABLE = YES;
				IPHONEOS_DEPLOYMENT_TARGET = 14.4;
				MTL_ENABLE_DEBUG_INFO = NO;
				MTL_FAST_MATH = YES;
				SDKROOT = iphoneos;
				SWIFT_COMPILATION_MODE = wholemodule;
				SWIFT_OPTIMIZATION_LEVEL = "-O";
				VALIDATE_PRODUCT = YES;
			};
			name = Release;
		};
		BC15DFE22624BB8D00A5CF36 /* Debug */ = {
			isa = XCBuildConfiguration;
			buildSettings = {
				ASSETCATALOG_COMPILER_APPICON_NAME = AppIcon;
				ASSETCATALOG_COMPILER_GLOBAL_ACCENT_COLOR_NAME = AccentColor;
				CODE_SIGN_STYLE = Automatic;
				DEVELOPMENT_TEAM = 832H9LUWZZ;
				INFOPLIST_FILE = "Log In/Supportive files/Info.plist";
				LD_RUNPATH_SEARCH_PATHS = (
					"$(inherited)",
					"@executable_path/Frameworks",
				);
				PRODUCT_BUNDLE_IDENTIFIER = "knyazev.Log-In";
				PRODUCT_NAME = "$(TARGET_NAME)";
				SWIFT_VERSION = 5.0;
				TARGETED_DEVICE_FAMILY = "1,2";
			};
			name = Debug;
		};
		BC15DFE32624BB8D00A5CF36 /* Release */ = {
			isa = XCBuildConfiguration;
			buildSettings = {
				ASSETCATALOG_COMPILER_APPICON_NAME = AppIcon;
				ASSETCATALOG_COMPILER_GLOBAL_ACCENT_COLOR_NAME = AccentColor;
				CODE_SIGN_STYLE = Automatic;
				DEVELOPMENT_TEAM = 832H9LUWZZ;
				INFOPLIST_FILE = "Log In/Supportive files/Info.plist";
				LD_RUNPATH_SEARCH_PATHS = (
					"$(inherited)",
					"@executable_path/Frameworks",
				);
				PRODUCT_BUNDLE_IDENTIFIER = "knyazev.Log-In";
				PRODUCT_NAME = "$(TARGET_NAME)";
				SWIFT_VERSION = 5.0;
				TARGETED_DEVICE_FAMILY = "1,2";
			};
			name = Release;
		};
/* End XCBuildConfiguration section */

/* Begin XCConfigurationList section */
		BC15DFC82624BB8A00A5CF36 /* Build configuration list for PBXProject "Log In" */ = {
			isa = XCConfigurationList;
			buildConfigurations = (
				BC15DFDF2624BB8D00A5CF36 /* Debug */,
				BC15DFE02624BB8D00A5CF36 /* Release */,
			);
			defaultConfigurationIsVisible = 0;
			defaultConfigurationName = Release;
		};
		BC15DFE12624BB8D00A5CF36 /* Build configuration list for PBXNativeTarget "Log In" */ = {
			isa = XCConfigurationList;
			buildConfigurations = (
				BC15DFE22624BB8D00A5CF36 /* Debug */,
				BC15DFE32624BB8D00A5CF36 /* Release */,
			);
			defaultConfigurationIsVisible = 0;
			defaultConfigurationName = Release;
		};
/* End XCConfigurationList section */
	};
	rootObject = BC15DFC52624BB8A00A5CF36 /* Project object */;
}
